{
  "name": "TPO",
  "lockfileVersion": 3,
  "requires": true,
  "packages": {
    "": {
      "devDependencies": {
        "@types/glider-js": "^1.7.8"
      }
    },
    "node_modules/@types/glider-js": {
      "version": "1.7.8",
      "resolved": "https://registry.npmjs.org/@types/glider-js/-/glider-js-1.7.8.tgz",
      "integrity": "sha512-0Q2ociUxJH1X2xSrKBX7G9BzpvWvmq1VrR/FZa/VBVHQesRZmwGfwq5suy91OzBEck+xqbtI8cCaEcxoGegXqg==",
      "dev": true
    }
  }
}
